
Microsoft Visual Studio Solution File, Format Version 12.00
# Visual Studio 15
VisualStudioVersion = 15.0.27428.2015
MinimumVisualStudioVersion = 10.0.40219.1
Project("{FAE04EC0-301F-11D3-BF4B-00C04F79EFBC}") = "1FactorialFinder", "1FactorialFinder\1FactorialFinder.csproj", "{AB7402AC-3D37-4976-9378-EAFCA65736F6}"
EndProject
Global
	GlobalSection(SolutionConfigurationPlatforms) = preSolution
		Debug|Any CPU = Debug|Any CPU
		Release|Any CPU = Release|Any CPU
	EndGlobalSection
	GlobalSection(ProjectConfigurationPlatforms) = postSolution
		{AB7402AC-3D37-4976-9378-EAFCA65736F6}.Debug|Any CPU.ActiveCfg = Debug|Any CPU
		{AB7402AC-3D37-4976-9378-EAFCA65736F6}.Debug|Any CPU.Build.0 = Debug|Any CPU
		{AB7402AC-3D37-4976-9378-EAFCA65736F6}.Release|Any CPU.ActiveCfg = Release|Any CPU
		{AB7402AC-3D37-4976-9378-EAFCA65736F6}.Release|Any CPU.Build.0 = Release|Any CPU
	EndGlobalSection
	GlobalSection(SolutionProperties) = preSolution
		HideSolutionNode = FALSE
	EndGlobalSection
	GlobalSection(ExtensibilityGlobals) = postSolution
		SolutionGuid = {D0944F47-1FCB-4D15-B1FD-33ABD590C122}
	EndGlobalSection
EndGlobal
